
Microsoft Visual Studio Solution File, Format Version 12.00
# Visual Studio 14
VisualStudioVersion = 14.0.25420.1
MinimumVisualStudioVersion = 10.0.40219.1
Project("{FAE04EC0-301F-11D3-BF4B-00C04F79EFBC}") = "QLBHDuongVanKhiem2054052026", "QLBHDuongVanKhiem2054052026\QLBHDuongVanKhiem2054052026.csproj", "{876668EA-075F-46FD-A870-0AFE9F6DE5B5}"
EndProject
Global
	GlobalSection(SolutionConfigurationPlatforms) = preSolution
		Debug|Any CPU = Debug|Any CPU
		Release|Any CPU = Release|Any CPU
	EndGlobalSection
	GlobalSection(ProjectConfigurationPlatforms) = postSolution
		{876668EA-075F-46FD-A870-0AFE9F6DE5B5}.Debug|Any CPU.ActiveCfg = Debug|Any CPU
		{876668EA-075F-46FD-A870-0AFE9F6DE5B5}.Debug|Any CPU.Build.0 = Debug|Any CPU
		{876668EA-075F-46FD-A870-0AFE9F6DE5B5}.Release|Any CPU.ActiveCfg = Release|Any CPU
		{876668EA-075F-46FD-A870-0AFE9F6DE5B5}.Release|Any CPU.Build.0 = Release|Any CPU
	EndGlobalSection
	GlobalSection(SolutionProperties) = preSolution
		HideSolutionNode = FALSE
	EndGlobalSection
EndGlobal
